
Microsoft Visual Studio Solution File, Format Version 12.00
# Visual Studio 14
VisualStudioVersion = 14.0.25420.1
MinimumVisualStudioVersion = 10.0.40219.1
Project("{FAE04EC0-301F-11D3-BF4B-00C04F79EFBC}") = "LedControl.Droid", "LedControl\LedControl.Droid\LedControl.Droid.csproj", "{B104B141-360C-400B-9C65-F469AFAD1D4B}"
EndProject
Project("{FAE04EC0-301F-11D3-BF4B-00C04F79EFBC}") = "LedControl.iOS", "LedControl\LedControl.iOS\LedControl.iOS.csproj", "{46FB2141-7EF8-4DA8-897E-0569A90C35B5}"
EndProject
Project("{FAE04EC0-301F-11D3-BF4B-00C04F79EFBC}") = "LedControl", "LedControl\LedControl\LedControl.csproj", "{826A9E08-6722-4D3E-9152-6C9D3105332E}"
EndProject
Global
	GlobalSection(SolutionConfigurationPlatforms) = preSolution
		Debug|Any CPU = Debug|Any CPU
		Debug|iPhone = Debug|iPhone
		Debug|iPhoneSimulator = Debug|iPhoneSimulator
		Release|Any CPU = Release|Any CPU
		Release|iPhone = Release|iPhone
		Release|iPhoneSimulator = Release|iPhoneSimulator
	EndGlobalSection
	GlobalSection(ProjectConfigurationPlatforms) = postSolution
		{B104B141-360C-400B-9C65-F469AFAD1D4B}.Debug|Any CPU.ActiveCfg = Debug|Any CPU
		{B104B141-360C-400B-9C65-F469AFAD1D4B}.Debug|Any CPU.Build.0 = Debug|Any CPU
		{B104B141-360C-400B-9C65-F469AFAD1D4B}.Debug|Any CPU.Deploy.0 = Debug|Any CPU
		{B104B141-360C-400B-9C65-F469AFAD1D4B}.Debug|iPhone.ActiveCfg = Debug|Any CPU
		{B104B141-360C-400B-9C65-F469AFAD1D4B}.Debug|iPhone.Build.0 = Debug|Any CPU
		{B104B141-360C-400B-9C65-F469AFAD1D4B}.Debug|iPhone.Deploy.0 = Debug|Any CPU
		{B104B141-360C-400B-9C65-F469AFAD1D4B}.Debug|iPhoneSimulator.ActiveCfg = Debug|Any CPU
		{B104B141-360C-400B-9C65-F469AFAD1D4B}.Debug|iPhoneSimulator.Build.0 = Debug|Any CPU
		{B104B141-360C-400B-9C65-F469AFAD1D4B}.Debug|iPhoneSimulator.Deploy.0 = Debug|Any CPU
		{B104B141-360C-400B-9C65-F469AFAD1D4B}.Release|Any CPU.ActiveCfg = Release|Any CPU
		{B104B141-360C-400B-9C65-F469AFAD1D4B}.Release|Any CPU.Build.0 = Release|Any CPU
		{B104B141-360C-400B-9C65-F469AFAD1D4B}.Release|Any CPU.Deploy.0 = Release|Any CPU
		{B104B141-360C-400B-9C65-F469AFAD1D4B}.Release|iPhone.ActiveCfg = Release|Any CPU
		{B104B141-360C-400B-9C65-F469AFAD1D4B}.Release|iPhone.Build.0 = Release|Any CPU
		{B104B141-360C-400B-9C65-F469AFAD1D4B}.Release|iPhone.Deploy.0 = Release|Any CPU
		{B104B141-360C-400B-9C65-F469AFAD1D4B}.Release|iPhoneSimulator.ActiveCfg = Release|Any CPU
		{B104B141-360C-400B-9C65-F469AFAD1D4B}.Release|iPhoneSimulator.Build.0 = Release|Any CPU
		{B104B141-360C-400B-9C65-F469AFAD1D4B}.Release|iPhoneSimulator.Deploy.0 = Release|Any CPU
		{46FB2141-7EF8-4DA8-897E-0569A90C35B5}.Debug|Any CPU.ActiveCfg = Debug|iPhone
		{46FB2141-7EF8-4DA8-897E-0569A90C35B5}.Debug|iPhone.ActiveCfg = Debug|iPhone
		{46FB2141-7EF8-4DA8-897E-0569A90C35B5}.Debug|iPhone.Build.0 = Debug|iPhone
		{46FB2141-7EF8-4DA8-897E-0569A90C35B5}.Debug|iPhoneSimulator.ActiveCfg = Debug|iPhoneSimulator
		{46FB2141-7EF8-4DA8-897E-0569A90C35B5}.Debug|iPhoneSimulator.Build.0 = Debug|iPhoneSimulator
		{46FB2141-7EF8-4DA8-897E-0569A90C35B5}.Release|Any CPU.ActiveCfg = Release|iPhone
		{46FB2141-7EF8-4DA8-897E-0569A90C35B5}.Release|iPhone.ActiveCfg = Release|iPhone
		{46FB2141-7EF8-4DA8-897E-0569A90C35B5}.Release|iPhone.Build.0 = Release|iPhone
		{46FB2141-7EF8-4DA8-897E-0569A90C35B5}.Release|iPhoneSimulator.ActiveCfg = Release|iPhoneSimulator
		{46FB2141-7EF8-4DA8-897E-0569A90C35B5}.Release|iPhoneSimulator.Build.0 = Release|iPhoneSimulator
		{826A9E08-6722-4D3E-9152-6C9D3105332E}.Debug|Any CPU.ActiveCfg = Debug|Any CPU
		{826A9E08-6722-4D3E-9152-6C9D3105332E}.Debug|Any CPU.Build.0 = Debug|Any CPU
		{826A9E08-6722-4D3E-9152-6C9D3105332E}.Debug|iPhone.ActiveCfg = Debug|Any CPU
		{826A9E08-6722-4D3E-9152-6C9D3105332E}.Debug|iPhone.Build.0 = Debug|Any CPU
		{826A9E08-6722-4D3E-9152-6C9D3105332E}.Debug|iPhoneSimulator.ActiveCfg = Debug|Any CPU
		{826A9E08-6722-4D3E-9152-6C9D3105332E}.Debug|iPhoneSimulator.Build.0 = Debug|Any CPU
		{826A9E08-6722-4D3E-9152-6C9D3105332E}.Release|Any CPU.ActiveCfg = Release|Any CPU
		{826A9E08-6722-4D3E-9152-6C9D3105332E}.Release|Any CPU.Build.0 = Release|Any CPU
		{826A9E08-6722-4D3E-9152-6C9D3105332E}.Release|iPhone.ActiveCfg = Release|Any CPU
		{826A9E08-6722-4D3E-9152-6C9D3105332E}.Release|iPhone.Build.0 = Release|Any CPU
		{826A9E08-6722-4D3E-9152-6C9D3105332E}.Release|iPhoneSimulator.ActiveCfg = Release|Any CPU
		{826A9E08-6722-4D3E-9152-6C9D3105332E}.Release|iPhoneSimulator.Build.0 = Release|Any CPU
	EndGlobalSection
	GlobalSection(SolutionProperties) = preSolution
		HideSolutionNode = FALSE
	EndGlobalSection
EndGlobal
